
Microsoft Visual Studio Solution File, Format Version 12.00
# Visual Studio Version 17
VisualStudioVersion = 17.4.33205.214
MinimumVisualStudioVersion = 10.0.40219.1
Project("{FAE04EC0-301F-11D3-BF4B-00C04F79EFBC}") = "WPFEmployeeUI", "WPFEmployeeUI\WPFEmployeeUI.csproj", "{A16A86CB-B253-432D-A167-96A2C6FEFE62}"
EndProject
Global
	GlobalSection(SolutionConfigurationPlatforms) = preSolution
		Debug|Any CPU = Debug|Any CPU
		Release|Any CPU = Release|Any CPU
	EndGlobalSection
	GlobalSection(ProjectConfigurationPlatforms) = postSolution
		{A16A86CB-B253-432D-A167-96A2C6FEFE62}.Debug|Any CPU.ActiveCfg = Debug|Any CPU
		{A16A86CB-B253-432D-A167-96A2C6FEFE62}.Debug|Any CPU.Build.0 = Debug|Any CPU
		{A16A86CB-B253-432D-A167-96A2C6FEFE62}.Release|Any CPU.ActiveCfg = Release|Any CPU
		{A16A86CB-B253-432D-A167-96A2C6FEFE62}.Release|Any CPU.Build.0 = Release|Any CPU
	EndGlobalSection
	GlobalSection(SolutionProperties) = preSolution
		HideSolutionNode = FALSE
	EndGlobalSection
	GlobalSection(ExtensibilityGlobals) = postSolution
		SolutionGuid = {140D51AC-A9F2-483E-848A-CC72FDC3F84C}
	EndGlobalSection
EndGlobal
